{
  "nodes": {
    "focus-mode": {
      "inputs": {
        "nixpkgs": [
          "nixpkgs"
        ]
      },
      "locked": {
        "lastModified": 1746972241,
        "narHash": "sha256-Tc6/Ax+X973WkeC/3ee6ONsCOZgtDDeJQyGyD+75iC8=",
        "owner": "Gurjaka",
        "repo": "focus-mode",
        "rev": "14e62f7ac0e33cc48c6a0b9e226c44aaafb91f29",
        "type": "github"
      },
      "original": {
        "owner": "Gurjaka",
        "repo": "focus-mode",
        "type": "github"
      }
    },
    "home-manager": {
      "inputs": {
        "nixpkgs": [
          "nixpkgs"
        ]
      },
      "locked": {
        "lastModified": 1747439237,
        "narHash": "sha256-5rCGrnkglKKj4cav1U3HC+SIUNJh08pqOK4spQv9RjA=",
        "owner": "nix-community",
        "repo": "home-manager",
        "rev": "ae755329092c87369b9e9a1510a8cf1ce2b1c708",
        "type": "github"
      },
      "original": {
        "owner": "nix-community",
        "repo": "home-manager",
        "type": "github"
      }
    },
    "nixpkgs": {
      "locked": {
        "lastModified": 1747327360,
        "narHash": "sha256-LSmTbiq/nqZR9B2t4MRnWG7cb0KVNU70dB7RT4+wYK4=",
        "owner": "nixos",
        "repo": "nixpkgs",
        "rev": "e06158e58f3adee28b139e9c2bcfcc41f8625b46",
        "type": "github"
      },
      "original": {
        "owner": "nixos",
        "ref": "nixos-unstable",
        "repo": "nixpkgs",
        "type": "github"
      }
    },
    "nord-wallpapers": {
      "inputs": {
        "nixpkgs": [
          "nixpkgs"
        ]
      },
      "locked": {
        "lastModified": 1745085795,
        "narHash": "sha256-bYo/9wFhY3kvyE4nwYhjEiw341Buo7RikoGEQD7uYiQ=",
        "owner": "Gurjaka",
        "repo": "Nord-Wallpapers",
        "rev": "596b3a1191c9eaffb56649eb6fafa890dc2ecbc3",
        "type": "github"
      },
      "original": {
        "owner": "Gurjaka",
        "repo": "Nord-Wallpapers",
        "type": "github"
      }
    },
    "nordic": {
      "flake": false,
      "locked": {
        "lastModified": 1746486977,
        "narHash": "sha256-OkXjwaoXyWfTgNkeU+ab+uv+U/5OaJ8oTt/G8YLz84o=",
        "owner": "EliverLara",
        "repo": "Nordic",
        "rev": "d9b5c42cebf9a165bcce7b6b8a019f5cfd5b789c",
        "type": "github"
      },
      "original": {
        "owner": "EliverLara",
        "repo": "Nordic",
        "type": "github"
      }
    },
    "qtile-extras-flake": {
      "flake": false,
      "locked": {
        "lastModified": 1744959772,
        "narHash": "sha256-WKUiE3b7so6LdYfR9bD74NpfByAXePBEzzbjvIxVdMA=",
        "owner": "elparaguayo",
        "repo": "qtile-extras",
        "rev": "5d15a9bedadad11cff8b39878df4437d2dcd9ec1",
        "type": "github"
      },
      "original": {
        "owner": "elparaguayo",
        "repo": "qtile-extras",
        "type": "github"
      }
    },
    "qtile-flake": {
      "inputs": {
        "nixpkgs": [
          "nixpkgs"
        ]
      },
      "locked": {
        "lastModified": 1747017780,
        "narHash": "sha256-0mBN7UvAaWNeGBK8lUGVB17q3uJ7WnLOyIOGftti1ak=",
        "owner": "qtile",
        "repo": "qtile",
        "rev": "170f3ca73681d7d292f8b067847bea841ac3a137",
        "type": "github"
      },
      "original": {
        "owner": "qtile",
        "repo": "qtile",
        "type": "github"
      }
    },
    "root": {
      "inputs": {
        "focus-mode": "focus-mode",
        "home-manager": "home-manager",
        "nixpkgs": "nixpkgs",
        "nord-wallpapers": "nord-wallpapers",
        "nordic": "nordic",
        "qtile-extras-flake": "qtile-extras-flake",
        "qtile-flake": "qtile-flake",
        "spicetify-nix": "spicetify-nix"
      }
    },
    "spicetify-nix": {
      "inputs": {
        "nixpkgs": [
          "nixpkgs"
        ],
        "systems": "systems"
      },
      "locked": {
        "lastModified": 1747355848,
        "narHash": "sha256-WpOTfGuObhpaI38+uHgaOwnMAjHMrdLrfs6D35fKwjk=",
        "owner": "Gerg-L",
        "repo": "spicetify-nix",
        "rev": "a2bc0d49449fc61ca2eb364d6189179059394483",
        "type": "github"
      },
      "original": {
        "owner": "Gerg-L",
        "repo": "spicetify-nix",
        "type": "github"
      }
    },
    "systems": {
      "locked": {
        "lastModified": 1681028828,
        "narHash": "sha256-Vy1rq5AaRuLzOxct8nz4T6wlgyUR7zLU309k9mBC768=",
        "owner": "nix-systems",
        "repo": "default",
        "rev": "da67096a3b9bf56a91d16901293e51ba5b49a27e",
        "type": "github"
      },
      "original": {
        "owner": "nix-systems",
        "repo": "default",
        "type": "github"
      }
    }
  },
  "root": "root",
  "version": 7
}
