{
  "nodes": {
    "agenix": {
      "inputs": {
        "darwin": "darwin",
        "home-manager": "home-manager",
        "nixpkgs": [
          "nixpkgs"
        ],
        "systems": "systems"
      },
      "locked": {
        "lastModified": 1747575206,
        "narHash": "sha256-NwmAFuDUO/PFcgaGGr4j3ozG9Pe5hZ/ogitWhY+D81k=",
        "owner": "ryantm",
        "repo": "agenix",
        "rev": "4835b1dc898959d8547a871ef484930675cb47f1",
        "type": "github"
      },
      "original": {
        "owner": "ryantm",
        "repo": "agenix",
        "type": "github"
      }
    },
    "darwin": {
      "inputs": {
        "nixpkgs": [
          "agenix",
          "nixpkgs"
        ]
      },
      "locked": {
        "lastModified": 1744478979,
        "narHash": "sha256-dyN+teG9G82G+m+PX/aSAagkC+vUv0SgUw3XkPhQodQ=",
        "owner": "lnl7",
        "repo": "nix-darwin",
        "rev": "43975d782b418ebf4969e9ccba82466728c2851b",
        "type": "github"
      },
      "original": {
        "owner": "lnl7",
        "ref": "master",
        "repo": "nix-darwin",
        "type": "github"
      }
    },
    "focus-mode": {
      "inputs": {
        "nixpkgs": [
          "nixpkgs"
        ]
      },
      "locked": {
        "lastModified": 1747740601,
        "narHash": "sha256-oW482g9lHclzlDvfJtKnPeLBh6iLFnbdO0YD+XzAkCk=",
        "owner": "Gurjaka",
        "repo": "focus-mode",
        "rev": "6e61529bb47df13cf82f16a5d9107d2cd5d4248a",
        "type": "github"
      },
      "original": {
        "owner": "Gurjaka",
        "repo": "focus-mode",
        "type": "github"
      }
    },
    "home-manager": {
      "inputs": {
        "nixpkgs": [
          "agenix",
          "nixpkgs"
        ]
      },
      "locked": {
        "lastModified": 1745494811,
        "narHash": "sha256-YZCh2o9Ua1n9uCvrvi5pRxtuVNml8X2a03qIFfRKpFs=",
        "owner": "nix-community",
        "repo": "home-manager",
        "rev": "abfad3d2958c9e6300a883bd443512c55dfeb1be",
        "type": "github"
      },
      "original": {
        "owner": "nix-community",
        "repo": "home-manager",
        "type": "github"
      }
    },
    "home-manager_2": {
      "inputs": {
        "nixpkgs": [
          "nixpkgs"
        ]
      },
      "locked": {
        "lastModified": 1748737919,
        "narHash": "sha256-5kvBbLYdp+n7Ftanjcs6Nv+UO6sBhelp6MIGJ9nWmjQ=",
        "owner": "nix-community",
        "repo": "home-manager",
        "rev": "5675a9686851d9626560052a032c4e14e533c1fa",
        "type": "github"
      },
      "original": {
        "owner": "nix-community",
        "repo": "home-manager",
        "type": "github"
      }
    },
    "nixpkgs": {
      "locked": {
        "lastModified": 1748693115,
        "narHash": "sha256-StSrWhklmDuXT93yc3GrTlb0cKSS0agTAxMGjLKAsY8=",
        "owner": "nixos",
        "repo": "nixpkgs",
        "rev": "910796cabe436259a29a72e8d3f5e180fc6dfacc",
        "type": "github"
      },
      "original": {
        "owner": "nixos",
        "ref": "nixos-unstable",
        "repo": "nixpkgs",
        "type": "github"
      }
    },
    "nord-wallpapers": {
      "inputs": {
        "nixpkgs": [
          "nixpkgs"
        ]
      },
      "locked": {
        "lastModified": 1748090051,
        "narHash": "sha256-zmBSLoP/NSDip8ZQn4ayGuAwGHD5UKM68ko/YAK8U/w=",
        "owner": "Gurjaka",
        "repo": "Nord-Wallpapers",
        "rev": "6a89f3e2cada73a10d5b103450ee5d7fc52ef486",
        "type": "github"
      },
      "original": {
        "owner": "Gurjaka",
        "repo": "Nord-Wallpapers",
        "type": "github"
      }
    },
    "nordic": {
      "flake": false,
      "locked": {
        "lastModified": 1748045549,
        "narHash": "sha256-QjBFgSivw/x5eEmhou/euRDsF3TJxs5nDfc6/Zau6Kg=",
        "owner": "EliverLara",
        "repo": "Nordic",
        "rev": "87f33f524151c9ef2140754f38bec68c129aa628",
        "type": "github"
      },
      "original": {
        "owner": "EliverLara",
        "repo": "Nordic",
        "type": "github"
      }
    },
    "qtile-extras-flake": {
      "flake": false,
      "locked": {
        "lastModified": 1747490988,
        "narHash": "sha256-D0m/XJoK6N01Z9KEKh2QNBjvsPoC8fqeNRt3z7PctwU=",
        "owner": "elparaguayo",
        "repo": "qtile-extras",
        "rev": "e6063c00c66df827a19ef5d91dc55ff493ca62df",
        "type": "github"
      },
      "original": {
        "owner": "elparaguayo",
        "repo": "qtile-extras",
        "type": "github"
      }
    },
    "qtile-flake": {
      "inputs": {
        "nixpkgs": [
          "nixpkgs"
        ]
      },
      "locked": {
        "lastModified": 1748740337,
        "narHash": "sha256-/AEkL9/NYod5DjXWbA/omDKALhyJ1VhoubIYBk0ZnTo=",
        "owner": "qtile",
        "repo": "qtile",
        "rev": "4102bf48a70efeed190a00d39f62746423bf0323",
        "type": "github"
      },
      "original": {
        "owner": "qtile",
        "repo": "qtile",
        "type": "github"
      }
    },
    "root": {
      "inputs": {
        "agenix": "agenix",
        "focus-mode": "focus-mode",
        "home-manager": "home-manager_2",
        "nixpkgs": "nixpkgs",
        "nord-wallpapers": "nord-wallpapers",
        "nordic": "nordic",
        "qtile-extras-flake": "qtile-extras-flake",
        "qtile-flake": "qtile-flake",
        "spicetify-nix": "spicetify-nix"
      }
    },
    "spicetify-nix": {
      "inputs": {
        "nixpkgs": [
          "nixpkgs"
        ],
        "systems": "systems_2"
      },
      "locked": {
        "lastModified": 1748752728,
        "narHash": "sha256-en008ncPUQjVx2i3PbM4RWeZkD9DNbJwIy0epppXe2o=",
        "owner": "Gerg-L",
        "repo": "spicetify-nix",
        "rev": "0e03de40d5128eb2ad600c98f57cf5db2cdf3240",
        "type": "github"
      },
      "original": {
        "owner": "Gerg-L",
        "repo": "spicetify-nix",
        "type": "github"
      }
    },
    "systems": {
      "locked": {
        "lastModified": 1681028828,
        "narHash": "sha256-Vy1rq5AaRuLzOxct8nz4T6wlgyUR7zLU309k9mBC768=",
        "owner": "nix-systems",
        "repo": "default",
        "rev": "da67096a3b9bf56a91d16901293e51ba5b49a27e",
        "type": "github"
      },
      "original": {
        "owner": "nix-systems",
        "repo": "default",
        "type": "github"
      }
    },
    "systems_2": {
      "locked": {
        "lastModified": 1681028828,
        "narHash": "sha256-Vy1rq5AaRuLzOxct8nz4T6wlgyUR7zLU309k9mBC768=",
        "owner": "nix-systems",
        "repo": "default",
        "rev": "da67096a3b9bf56a91d16901293e51ba5b49a27e",
        "type": "github"
      },
      "original": {
        "owner": "nix-systems",
        "repo": "default",
        "type": "github"
      }
    }
  },
  "root": "root",
  "version": 7
}
