{
  "nodes": {
    "focus-mode": {
      "inputs": {
        "nixpkgs": [
          "nixpkgs"
        ]
      },
      "locked": {
        "lastModified": 1745259207,
        "narHash": "sha256-75wDApogdro5NKbjdNz5mTUwUHU6qYcIG9dXuZEc+HY=",
        "owner": "Gurjaka",
        "repo": "focus-mode",
        "rev": "c49b8a871e1c7f7b9aa76219a69d9ccb6581811d",
        "type": "github"
      },
      "original": {
        "owner": "Gurjaka",
        "repo": "focus-mode",
        "type": "github"
      }
    },
    "home-manager": {
      "inputs": {
        "nixpkgs": [
          "nixpkgs"
        ]
      },
      "locked": {
        "lastModified": 1745762067,
        "narHash": "sha256-N3VjetRcJ0HgGjDFJeSQRQ6ZvAj7TD/HfsY5qBtMV0A=",
        "owner": "nix-community",
        "repo": "home-manager",
        "rev": "ef47f36450b36d437f5c2f6953022648d76c0638",
        "type": "github"
      },
      "original": {
        "owner": "nix-community",
        "repo": "home-manager",
        "type": "github"
      }
    },
    "nixpkgs": {
      "locked": {
        "lastModified": 1745526057,
        "narHash": "sha256-ITSpPDwvLBZBnPRS2bUcHY3gZSwis/uTe255QgMtTLA=",
        "owner": "nixos",
        "repo": "nixpkgs",
        "rev": "f771eb401a46846c1aebd20552521b233dd7e18b",
        "type": "github"
      },
      "original": {
        "owner": "nixos",
        "ref": "nixos-unstable",
        "repo": "nixpkgs",
        "type": "github"
      }
    },
    "nord-wallpapers": {
      "inputs": {
        "nixpkgs": [
          "nixpkgs"
        ]
      },
      "locked": {
        "lastModified": 1745085795,
        "narHash": "sha256-bYo/9wFhY3kvyE4nwYhjEiw341Buo7RikoGEQD7uYiQ=",
        "owner": "Gurjaka",
        "repo": "Nord-Wallpapers",
        "rev": "596b3a1191c9eaffb56649eb6fafa890dc2ecbc3",
        "type": "github"
      },
      "original": {
        "owner": "Gurjaka",
        "repo": "Nord-Wallpapers",
        "type": "github"
      }
    },
    "nordic": {
      "flake": false,
      "locked": {
        "lastModified": 1745698512,
        "narHash": "sha256-XsiTjCgGXCuehlQ69GzJdgGMh6Vn1kk/hXnYHY225Aw=",
        "owner": "EliverLara",
        "repo": "Nordic",
        "rev": "2dbb7b1e4c263eddf19b94c362d1f1fa2dd45688",
        "type": "github"
      },
      "original": {
        "owner": "EliverLara",
        "repo": "Nordic",
        "type": "github"
      }
    },
    "qtile-extras-flake": {
      "flake": false,
      "locked": {
        "lastModified": 1744959772,
        "narHash": "sha256-WKUiE3b7so6LdYfR9bD74NpfByAXePBEzzbjvIxVdMA=",
        "owner": "elparaguayo",
        "repo": "qtile-extras",
        "rev": "5d15a9bedadad11cff8b39878df4437d2dcd9ec1",
        "type": "github"
      },
      "original": {
        "owner": "elparaguayo",
        "repo": "qtile-extras",
        "type": "github"
      }
    },
    "qtile-flake": {
      "inputs": {
        "nixpkgs": [
          "nixpkgs"
        ]
      },
      "locked": {
        "lastModified": 1745020970,
        "narHash": "sha256-2eSNp9Fv9NNAEr+vWvL9IYkxyqC6Paxd4zkEz1Tfv34=",
        "owner": "qtile",
        "repo": "qtile",
        "rev": "ac2dfdcc5531dfd45b26b39c3c06581b8d6fcf5d",
        "type": "github"
      },
      "original": {
        "owner": "qtile",
        "repo": "qtile",
        "rev": "ac2dfdcc5531dfd45b26b39c3c06581b8d6fcf5d",
        "type": "github"
      }
    },
    "root": {
      "inputs": {
        "focus-mode": "focus-mode",
        "home-manager": "home-manager",
        "nixpkgs": "nixpkgs",
        "nord-wallpapers": "nord-wallpapers",
        "nordic": "nordic",
        "qtile-extras-flake": "qtile-extras-flake",
        "qtile-flake": "qtile-flake",
        "spicetify-nix": "spicetify-nix"
      }
    },
    "spicetify-nix": {
      "inputs": {
        "nixpkgs": [
          "nixpkgs"
        ],
        "systems": "systems"
      },
      "locked": {
        "lastModified": 1745727291,
        "narHash": "sha256-YW/V93WgJur6a3BVa1jynlKr2pyZlEpiXXjQjpSHc5s=",
        "owner": "Gerg-L",
        "repo": "spicetify-nix",
        "rev": "9e5c7a2e7f1ab3118ec9b7179eb28667a3575f0e",
        "type": "github"
      },
      "original": {
        "owner": "Gerg-L",
        "repo": "spicetify-nix",
        "type": "github"
      }
    },
    "systems": {
      "locked": {
        "lastModified": 1681028828,
        "narHash": "sha256-Vy1rq5AaRuLzOxct8nz4T6wlgyUR7zLU309k9mBC768=",
        "owner": "nix-systems",
        "repo": "default",
        "rev": "da67096a3b9bf56a91d16901293e51ba5b49a27e",
        "type": "github"
      },
      "original": {
        "owner": "nix-systems",
        "repo": "default",
        "type": "github"
      }
    }
  },
  "root": "root",
  "version": 7
}
